{
  "name": "Smart-Learny",
  "version": "1.0.0",
  "lockfileVersion": 3,
  "requires": true,
  "description": "",
  "main": "node_modules/expo/AppEntry.js",
  "packages": {},
  "scripts": {
    "android": "expo start --android",
    "eject": "expo eject",
    "ios": "expo start --ios",
    "start": "expo start",
    "web": "expo s--web"
  }

}
